// !$*UTF8*$!
{
	archiveVersion = 1;
	classes = {
	};
	objectVersion = 56;
	objects = {

/* Begin PBXBuildFile section */
		B10000000000000000000001 /* DeutschWidgetApp.swift in Sources */ = {isa = PBXBuildFile; fileRef = A10000000000000000000001 /* DeutschWidgetApp.swift */; };
		B10000000000000000000002 /* ContentView.swift in Sources */ = {isa = PBXBuildFile; fileRef = A10000000000000000000002 /* ContentView.swift */; };
		B10000000000000000000003 /* FloatingTranslatorView.swift in Sources */ = {isa = PBXBuildFile; fileRef = A10000000000000000000003 /* FloatingTranslatorView.swift */; };
		B10000000000000000000004 /* TranslatorModel.swift in Sources */ = {isa = PBXBuildFile; fileRef = A10000000000000000000004 /* TranslatorModel.swift */; };
		B10000000000000000000005 /* Assets.xcassets in Resources */ = {isa = PBXBuildFile; fileRef = A10000000000000000000006 /* Assets.xcassets */; };
		B10000000000000000000006 /* ShareViewController.swift in Sources */ = {isa = PBXBuildFile; fileRef = A10000000000000000000007 /* ShareViewController.swift */; };
		B10000000000000000000007 /* DeutschTranslateCore in Frameworks */ = {isa = PBXBuildFile; productRef = K10000000000000000000002 /* DeutschTranslateCore */; };
		B10000000000000000000008 /* DeutschTranslateCore in Frameworks */ = {isa = PBXBuildFile; productRef = K10000000000000000000003 /* DeutschTranslateCore */; };
		B10000000000000000000009 /* ShareExtension.appex in Embed Foundation Extensions */ = {isa = PBXBuildFile; fileRef = R10000000000000000000002 /* ShareExtension.appex */; settings = {ATTRIBUTES = (RemoveHeadersOnCopy, ); }; };
/* End PBXBuildFile section */

/* Begin PBXContainerItemProxy section */
		X10000000000000000000001 /* PBXContainerItemProxy */ = {
			isa = PBXContainerItemProxy;
			containerPortal = E10000000000000000000001 /* Project object */;
			proxyType = 1;
			remoteGlobalIDString = T10000000000000000000002;
			remoteInfo = ShareExtension;
		};
/* End PBXContainerItemProxy section */

/* Begin PBXCopyFilesBuildPhase section */
		P10000000000000000000004 /* Embed Foundation Extensions */ = {
			isa = PBXCopyFilesBuildPhase;
			buildActionMask = 2147483647;
			dstPath = "";
			dstSubfolderSpec = 13;
			files = (
				B10000000000000000000009 /* ShareExtension.appex in Embed Foundation Extensions */,
			);
			name = "Embed Foundation Extensions";
			runOnlyForDeploymentPostprocessing = 0;
		};
/* End PBXCopyFilesBuildPhase section */

/* Begin PBXFileReference section */
		A10000000000000000000001 /* DeutschWidgetApp.swift */ = {isa = PBXFileReference; lastKnownFileType = sourcecode.swift; path = DeutschWidgetApp.swift; sourceTree = "<group>"; };
		A10000000000000000000002 /* ContentView.swift */ = {isa = PBXFileReference; lastKnownFileType = sourcecode.swift; path = ContentView.swift; sourceTree = "<group>"; };
		A10000000000000000000003 /* FloatingTranslatorView.swift */ = {isa = PBXFileReference; lastKnownFileType = sourcecode.swift; path = FloatingTranslatorView.swift; sourceTree = "<group>"; };
		A10000000000000000000004 /* TranslatorModel.swift */ = {isa = PBXFileReference; lastKnownFileType = sourcecode.swift; path = TranslatorModel.swift; sourceTree = "<group>"; };
		A10000000000000000000005 /* Info.plist */ = {isa = PBXFileReference; lastKnownFileType = text.plist.xml; path = Info.plist; sourceTree = "<group>"; };
		A10000000000000000000006 /* Assets.xcassets */ = {isa = PBXFileReference; lastKnownFileType = folder.assetcatalog; path = Assets.xcassets; sourceTree = "<group>"; };
		A10000000000000000000007 /* ShareViewController.swift */ = {isa = PBXFileReference; lastKnownFileType = sourcecode.swift; path = ShareViewController.swift; sourceTree = "<group>"; };
		A10000000000000000000008 /* Info.plist */ = {isa = PBXFileReference; lastKnownFileType = text.plist.xml; path = Info.plist; sourceTree = "<group>"; };
		R10000000000000000000001 /* DeutschWidget.app */ = {isa = PBXFileReference; explicitFileType = wrapper.application; includeInIndex = 0; path = DeutschWidget.app; sourceTree = BUILT_PRODUCTS_DIR; };
		R10000000000000000000002 /* ShareExtension.appex */ = {isa = PBXFileReference; explicitFileType = "wrapper.app-extension"; includeInIndex = 0; path = ShareExtension.appex; sourceTree = BUILT_PRODUCTS_DIR; };
/* End PBXFileReference section */

/* Begin PBXFrameworksBuildPhase section */
		P10000000000000000000003 /* Frameworks */ = {
			isa = PBXFrameworksBuildPhase;
			buildActionMask = 2147483647;
			files = (
				B10000000000000000000007 /* DeutschTranslateCore in Frameworks */,
			);
			runOnlyForDeploymentPostprocessing = 0;
		};
		P10000000000000000000007 /* Frameworks */ = {
			isa = PBXFrameworksBuildPhase;
			buildActionMask = 2147483647;
			files = (
				B10000000000000000000008 /* DeutschTranslateCore in Frameworks */,
			);
			runOnlyForDeploymentPostprocessing = 0;
		};
/* End PBXFrameworksBuildPhase section */

/* Begin PBXGroup section */
		G10000000000000000000001 = {
			isa = PBXGroup;
			children = (
				G10000000000000000000002 /* DeutschWidget */,
				G10000000000000000000003 /* ShareExtension */,
				G10000000000000000000004 /* Products */,
			);
			sourceTree = "<group>";
		};
		G10000000000000000000002 /* DeutschWidget */ = {
			isa = PBXGroup;
			children = (
				A10000000000000000000001 /* DeutschWidgetApp.swift */,
				A10000000000000000000002 /* ContentView.swift */,
				A10000000000000000000003 /* FloatingTranslatorView.swift */,
				A10000000000000000000004 /* TranslatorModel.swift */,
				A10000000000000000000006 /* Assets.xcassets */,
				A10000000000000000000005 /* Info.plist */,
			);
			path = DeutschWidget;
			sourceTree = "<group>";
		};
		G10000000000000000000003 /* ShareExtension */ = {
			isa = PBXGroup;
			children = (
				A10000000000000000000007 /* ShareViewController.swift */,
				A10000000000000000000008 /* Info.plist */,
			);
			path = ShareExtension;
			sourceTree = "<group>";
		};
		G10000000000000000000004 /* Products */ = {
			isa = PBXGroup;
			children = (
				R10000000000000000000001 /* DeutschWidget.app */,
				R10000000000000000000002 /* ShareExtension.appex */,
			);
			name = Products;
			sourceTree = "<group>";
		};
/* End PBXGroup section */

/* Begin PBXNativeTarget section */
		T10000000000000000000001 /* DeutschWidget */ = {
			isa = PBXNativeTarget;
			buildConfigurationList = L10000000000000000000002 /* Build configuration list for PBXNativeTarget "DeutschWidget" */;
			buildPhases = (
				P10000000000000000000001 /* Sources */,
				P10000000000000000000003 /* Frameworks */,
				P10000000000000000000002 /* Resources */,
				P10000000000000000000004 /* Embed Foundation Extensions */,
			);
			buildRules = (
			);
			dependencies = (
				D10000000000000000000001 /* PBXTargetDependency */,
			);
			name = DeutschWidget;
			packageProductDependencies = (
				K10000000000000000000002 /* DeutschTranslateCore */,
			);
			productName = DeutschWidget;
			productReference = R10000000000000000000001 /* DeutschWidget.app */;
			productType = "com.apple.product-type.application";
		};
		T10000000000000000000002 /* ShareExtension */ = {
			isa = PBXNativeTarget;
			buildConfigurationList = L10000000000000000000003 /* Build configuration list for PBXNativeTarget "ShareExtension" */;
			buildPhases = (
				P10000000000000000000005 /* Sources */,
				P10000000000000000000007 /* Frameworks */,
				P10000000000000000000006 /* Resources */,
			);
			buildRules = (
			);
			dependencies = (
			);
			name = ShareExtension;
			packageProductDependencies = (
				K10000000000000000000003 /* DeutschTranslateCore */,
			);
			productName = ShareExtension;
			productReference = R10000000000000000000002 /* ShareExtension.appex */;
			productType = "com.apple.product-type.app-extension";
		};
/* End PBXNativeTarget section */

/* Begin PBXProject section */
		E10000000000000000000001 /* Project object */ = {
			isa = PBXProject;
			attributes = {
				BuildIndependentTargetsInParallel = 1;
				LastUpgradeCheck = 1600;
				TargetAttributes = {
					T10000000000000000000001 = {
						CreatedOnToolsVersion = 16.0;
					};
					T10000000000000000000002 = {
						CreatedOnToolsVersion = 16.0;
					};
				};
			};
			buildConfigurationList = L10000000000000000000001 /* Build configuration list for PBXProject "DeutschWidget" */;
			compatibilityVersion = "Xcode 14.0";
			developmentRegion = en;
			hasScannedForEncodings = 0;
			knownRegions = (
				en,
				Base,
			);
			mainGroup = G10000000000000000000001;
			packageReferences = (
				K10000000000000000000001 /* XCLocalSwiftPackageReference "../shared/DeutschTranslateCore" */,
			);
			productRefGroup = G10000000000000000000004 /* Products */;
			projectDirPath = "";
			projectRoot = "";
			targets = (
				T10000000000000000000001 /* DeutschWidget */,
				T10000000000000000000002 /* ShareExtension */,
			);
		};
/* End PBXProject section */

/* Begin PBXResourcesBuildPhase section */
		P10000000000000000000002 /* Resources */ = {
			isa = PBXResourcesBuildPhase;
			buildActionMask = 2147483647;
			files = (
				B10000000000000000000005 /* Assets.xcassets in Resources */,
			);
			runOnlyForDeploymentPostprocessing = 0;
		};
		P10000000000000000000006 /* Resources */ = {
			isa = PBXResourcesBuildPhase;
			buildActionMask = 2147483647;
			files = (
			);
			runOnlyForDeploymentPostprocessing = 0;
		};
/* End PBXResourcesBuildPhase section */

/* Begin PBXSourcesBuildPhase section */
		P10000000000000000000001 /* Sources */ = {
			isa = PBXSourcesBuildPhase;
			buildActionMask = 2147483647;
			files = (
				B10000000000000000000001 /* DeutschWidgetApp.swift in Sources */,
				B10000000000000000000002 /* ContentView.swift in Sources */,
				B10000000000000000000003 /* FloatingTranslatorView.swift in Sources */,
				B10000000000000000000004 /* TranslatorModel.swift in Sources */,
			);
			runOnlyForDeploymentPostprocessing = 0;
		};
		P10000000000000000000005 /* Sources */ = {
			isa = PBXSourcesBuildPhase;
			buildActionMask = 2147483647;
			files = (
				B10000000000000000000006 /* ShareViewController.swift in Sources */,
			);
			runOnlyForDeploymentPostprocessing = 0;
		};
/* End PBXSourcesBuildPhase section */

/* Begin PBXTargetDependency section */
		D10000000000000000000001 /* PBXTargetDependency */ = {
			isa = PBXTargetDependency;
			target = T10000000000000000000002 /* ShareExtension */;
			targetProxy = X10000000000000000000001 /* PBXContainerItemProxy */;
		};
/* End PBXTargetDependency section */

/* Begin XCBuildConfiguration section */
		C10000000000000000000001 /* Debug */ = {
			isa = XCBuildConfiguration;
			buildSettings = {
				ALWAYS_SEARCH_USER_PATHS = NO;
				CLANG_ENABLE_MODULES = YES;
				COPY_PHASE_STRIP = NO;
				DEBUG_INFORMATION_FORMAT = dwarf;
				ENABLE_TESTABILITY = YES;
				GCC_DYNAMIC_NO_PIC = NO;
				IPHONEOS_DEPLOYMENT_TARGET = 17.0;
				ONLY_ACTIVE_ARCH = YES;
				SDKROOT = iphoneos;
				SWIFT_ACTIVE_COMPILATION_CONDITIONS = DEBUG;
				SWIFT_OPTIMIZATION_LEVEL = "-Onone";
			};
			name = Debug;
		};
		C10000000000000000000002 /* Release */ = {
			isa = XCBuildConfiguration;
			buildSettings = {
				ALWAYS_SEARCH_USER_PATHS = NO;
				CLANG_ENABLE_MODULES = YES;
				COPY_PHASE_STRIP = NO;
				DEBUG_INFORMATION_FORMAT = "dwarf-with-dsym";
				IPHONEOS_DEPLOYMENT_TARGET = 17.0;
				SDKROOT = iphoneos;
				SWIFT_COMPILATION_MODE = wholemodule;
				VALIDATE_PRODUCT = YES;
			};
			name = Release;
		};
		C10000000000000000000003 /* Debug */ = {
			isa = XCBuildConfiguration;
			buildSettings = {
				ASSETCATALOG_COMPILER_APPICON_NAME = AppIcon;
				CODE_SIGN_IDENTITY = "";
				CODE_SIGN_STYLE = Automatic;
				CODE_SIGNING_REQUIRED = NO;
				CURRENT_PROJECT_VERSION = 1;
				DEVELOPMENT_TEAM = "";
				GENERATE_INFOPLIST_FILE = YES;
				INFOPLIST_FILE = DeutschWidget/Info.plist;
				INFOPLIST_KEY_CFBundleDisplayName = "Deutsch Widget";
				INFOPLIST_KEY_UILaunchScreen_Generation = YES;
				IPHONEOS_DEPLOYMENT_TARGET = 17.0;
				LD_RUNPATH_SEARCH_PATHS = (
					"$(inherited)",
					"@executable_path/Frameworks",
				);
				MARKETING_VERSION = 1.0;
				PRODUCT_BUNDLE_IDENTIFIER = app.deustch.widget;
				PRODUCT_NAME = "$(TARGET_NAME)";
				SUPPORTED_PLATFORMS = "iphoneos iphonesimulator";
				SUPPORTS_MACCATALYST = NO;
				SWIFT_EMIT_LOC_STRINGS = YES;
				SWIFT_VERSION = 5.0;
				TARGETED_DEVICE_FAMILY = "1,2";
			};
			name = Debug;
		};
		C10000000000000000000004 /* Release */ = {
			isa = XCBuildConfiguration;
			buildSettings = {
				ASSETCATALOG_COMPILER_APPICON_NAME = AppIcon;
				CODE_SIGN_IDENTITY = "";
				CODE_SIGN_STYLE = Automatic;
				CODE_SIGNING_REQUIRED = NO;
				CURRENT_PROJECT_VERSION = 1;
				DEVELOPMENT_TEAM = "";
				GENERATE_INFOPLIST_FILE = YES;
				INFOPLIST_FILE = DeutschWidget/Info.plist;
				INFOPLIST_KEY_CFBundleDisplayName = "Deutsch Widget";
				INFOPLIST_KEY_UILaunchScreen_Generation = YES;
				IPHONEOS_DEPLOYMENT_TARGET = 17.0;
				LD_RUNPATH_SEARCH_PATHS = (
					"$(inherited)",
					"@executable_path/Frameworks",
				);
				MARKETING_VERSION = 1.0;
				PRODUCT_BUNDLE_IDENTIFIER = app.deustch.widget;
				PRODUCT_NAME = "$(TARGET_NAME)";
				SUPPORTED_PLATFORMS = "iphoneos iphonesimulator";
				SUPPORTS_MACCATALYST = NO;
				SWIFT_EMIT_LOC_STRINGS = YES;
				SWIFT_VERSION = 5.0;
				TARGETED_DEVICE_FAMILY = "1,2";
			};
			name = Release;
		};
		C10000000000000000000005 /* Debug */ = {
			isa = XCBuildConfiguration;
			buildSettings = {
				CODE_SIGN_IDENTITY = "";
				CODE_SIGN_STYLE = Automatic;
				CODE_SIGNING_REQUIRED = NO;
				CURRENT_PROJECT_VERSION = 1;
				DEVELOPMENT_TEAM = "";
				GENERATE_INFOPLIST_FILE = YES;
				INFOPLIST_FILE = ShareExtension/Info.plist;
				INFOPLIST_KEY_CFBundleDisplayName = "Deutsch Widget";
				IPHONEOS_DEPLOYMENT_TARGET = 17.0;
				LD_RUNPATH_SEARCH_PATHS = (
					"$(inherited)",
					"@executable_path/Frameworks",
					"@executable_path/../../Frameworks",
				);
				MARKETING_VERSION = 1.0;
				PRODUCT_BUNDLE_IDENTIFIER = app.deustch.widget.share;
				PRODUCT_NAME = "$(TARGET_NAME)";
				SKIP_INSTALL = YES;
				SUPPORTED_PLATFORMS = "iphoneos iphonesimulator";
				SWIFT_EMIT_LOC_STRINGS = YES;
				SWIFT_VERSION = 5.0;
				TARGETED_DEVICE_FAMILY = "1,2";
			};
			name = Debug;
		};
		C10000000000000000000006 /* Release */ = {
			isa = XCBuildConfiguration;
			buildSettings = {
				CODE_SIGN_IDENTITY = "";
				CODE_SIGN_STYLE = Automatic;
				CODE_SIGNING_REQUIRED = NO;
				CURRENT_PROJECT_VERSION = 1;
				DEVELOPMENT_TEAM = "";
				GENERATE_INFOPLIST_FILE = YES;
				INFOPLIST_FILE = ShareExtension/Info.plist;
				INFOPLIST_KEY_CFBundleDisplayName = "Deutsch Widget";
				IPHONEOS_DEPLOYMENT_TARGET = 17.0;
				LD_RUNPATH_SEARCH_PATHS = (
					"$(inherited)",
					"@executable_path/Frameworks",
					"@executable_path/../../Frameworks",
				);
				MARKETING_VERSION = 1.0;
				PRODUCT_BUNDLE_IDENTIFIER = app.deustch.widget.share;
				PRODUCT_NAME = "$(TARGET_NAME)";
				SKIP_INSTALL = YES;
				SUPPORTED_PLATFORMS = "iphoneos iphonesimulator";
				SWIFT_EMIT_LOC_STRINGS = YES;
				SWIFT_VERSION = 5.0;
				TARGETED_DEVICE_FAMILY = "1,2";
			};
			name = Release;
		};
/* End XCBuildConfiguration section */

/* Begin XCConfigurationList section */
		L10000000000000000000001 /* Build configuration list for PBXProject "DeutschWidget" */ = {
			isa = XCConfigurationList;
			buildConfigurations = (
				C10000000000000000000001 /* Debug */,
				C10000000000000000000002 /* Release */,
			);
			defaultConfigurationIsVisible = 0;
			defaultConfigurationName = Release;
		};
		L10000000000000000000002 /* Build configuration list for PBXNativeTarget "DeutschWidget" */ = {
			isa = XCConfigurationList;
			buildConfigurations = (
				C10000000000000000000003 /* Debug */,
				C10000000000000000000004 /* Release */,
			);
			defaultConfigurationIsVisible = 0;
			defaultConfigurationName = Release;
		};
		L10000000000000000000003 /* Build configuration list for PBXNativeTarget "ShareExtension" */ = {
			isa = XCConfigurationList;
			buildConfigurations = (
				C10000000000000000000005 /* Debug */,
				C10000000000000000000006 /* Release */,
			);
			defaultConfigurationIsVisible = 0;
			defaultConfigurationName = Release;
		};
/* End XCConfigurationList section */

/* Begin XCLocalSwiftPackageReference section */
		K10000000000000000000001 /* XCLocalSwiftPackageReference "../shared/DeutschTranslateCore" */ = {
			isa = XCLocalSwiftPackageReference;
			relativePath = ../shared/DeutschTranslateCore;
		};
/* End XCLocalSwiftPackageReference section */

/* Begin XCSwiftPackageProductDependency section */
		K10000000000000000000002 /* DeutschTranslateCore */ = {
			isa = XCSwiftPackageProductDependency;
			package = K10000000000000000000001 /* XCLocalSwiftPackageReference "../shared/DeutschTranslateCore" */;
			productName = DeutschTranslateCore;
		};
		K10000000000000000000003 /* DeutschTranslateCore */ = {
			isa = XCSwiftPackageProductDependency;
			package = K10000000000000000000001 /* XCLocalSwiftPackageReference "../shared/DeutschTranslateCore" */;
			productName = DeutschTranslateCore;
		};
/* End XCSwiftPackageProductDependency section */
	};
	rootObject = E10000000000000000000001 /* Project object */;
}
